// !$*UTF8*$!
{
	archiveVersion = 1;
	classes = {
	};
	objectVersion = 45;
	objects = {

/* Begin PBXBuildFile section */
		8DD76F6A0486A84900D96B5E /* FFTVisual.1 in CopyFiles */ = {isa = PBXBuildFile; fileRef = C6859E8B029090EE04C91782 /* FFTVisual.1 */; };
		CB79F8281311D69C000570F4 /* fft_visual.cpp in Sources */ = {isa = PBXBuildFile; fileRef = CB79F8271311D69C000570F4 /* fft_visual.cpp */; };
		CB79F82A1311D6B0000570F4 /* GLUT.framework in Frameworks */ = {isa = PBXBuildFile; fileRef = CB79F8291311D6B0000570F4 /* GLUT.framework */; };
		CB79F82E1311D6C7000570F4 /* OpenGL.framework in Frameworks */ = {isa = PBXBuildFile; fileRef = CB79F82D1311D6C7000570F4 /* OpenGL.framework */; };
		CB8431521319C8BD007A0AEE /* AudioToolbox.framework in Frameworks */ = {isa = PBXBuildFile; fileRef = CB84314E1319C8BC007A0AEE /* AudioToolbox.framework */; };
		CB8431531319C8BD007A0AEE /* AudioUnit.framework in Frameworks */ = {isa = PBXBuildFile; fileRef = CB84314F1319C8BD007A0AEE /* AudioUnit.framework */; };
		CB8431541319C8BD007A0AEE /* CoreAudio.framework in Frameworks */ = {isa = PBXBuildFile; fileRef = CB8431501319C8BD007A0AEE /* CoreAudio.framework */; };
		CB8431551319C8BD007A0AEE /* CoreAudioKit.framework in Frameworks */ = {isa = PBXBuildFile; fileRef = CB8431511319C8BD007A0AEE /* CoreAudioKit.framework */; };
		CB8431751319C94E007A0AEE /* libportaudio.a in Frameworks */ = {isa = PBXBuildFile; fileRef = CB8431741319C94E007A0AEE /* libportaudio.a */; };
		CB8434A21319C994007A0AEE /* CoreFoundation.framework in Frameworks */ = {isa = PBXBuildFile; fileRef = CB8434A01319C994007A0AEE /* CoreFoundation.framework */; };
		CB8434A31319C994007A0AEE /* CoreMIDI.framework in Frameworks */ = {isa = PBXBuildFile; fileRef = CB8434A11319C994007A0AEE /* CoreMIDI.framework */; };
		CB9693A41319A13500B457D4 /* Audio.cpp in Sources */ = {isa = PBXBuildFile; fileRef = CB96939F1319A13500B457D4 /* Audio.cpp */; };
		CB9693A51319A13500B457D4 /* WavFile.cpp in Sources */ = {isa = PBXBuildFile; fileRef = CB9693A21319A13500B457D4 /* WavFile.cpp */; };
/* End PBXBuildFile section */

/* Begin PBXCopyFilesBuildPhase section */
		8DD76F690486A84900D96B5E /* CopyFiles */ = {
			isa = PBXCopyFilesBuildPhase;
			buildActionMask = 8;
			dstPath = /usr/share/man/man1/;
			dstSubfolderSpec = 0;
			files = (
				8DD76F6A0486A84900D96B5E /* FFTVisual.1 in CopyFiles */,
			);
			runOnlyForDeploymentPostprocessing = 1;
		};
/* End PBXCopyFilesBuildPhase section */

/* Begin PBXFileReference section */
		8DD76F6C0486A84900D96B5E /* FFTVisual */ = {isa = PBXFileReference; explicitFileType = "compiled.mach-o.executable"; includeInIndex = 0; path = FFTVisual; sourceTree = BUILT_PRODUCTS_DIR; };
		C6859E8B029090EE04C91782 /* FFTVisual.1 */ = {isa = PBXFileReference; lastKnownFileType = text.man; path = FFTVisual.1; sourceTree = "<group>"; };
		CB79F8271311D69C000570F4 /* fft_visual.cpp */ = {isa = PBXFileReference; fileEncoding = 4; lastKnownFileType = sourcecode.cpp.cpp; name = fft_visual.cpp; path = ../fft_visual.cpp; sourceTree = SOURCE_ROOT; };
		CB79F8291311D6B0000570F4 /* GLUT.framework */ = {isa = PBXFileReference; lastKnownFileType = wrapper.framework; name = GLUT.framework; path = System/Library/Frameworks/GLUT.framework; sourceTree = SDKROOT; };
		CB79F82D1311D6C7000570F4 /* OpenGL.framework */ = {isa = PBXFileReference; lastKnownFileType = wrapper.framework; name = OpenGL.framework; path = System/Library/Frameworks/OpenGL.framework; sourceTree = SDKROOT; };
		CB84314E1319C8BC007A0AEE /* AudioToolbox.framework */ = {isa = PBXFileReference; lastKnownFileType = wrapper.framework; name = AudioToolbox.framework; path = System/Library/Frameworks/AudioToolbox.framework; sourceTree = SDKROOT; };
		CB84314F1319C8BD007A0AEE /* AudioUnit.framework */ = {isa = PBXFileReference; lastKnownFileType = wrapper.framework; name = AudioUnit.framework; path = System/Library/Frameworks/AudioUnit.framework; sourceTree = SDKROOT; };
		CB8431501319C8BD007A0AEE /* CoreAudio.framework */ = {isa = PBXFileReference; lastKnownFileType = wrapper.framework; name = CoreAudio.framework; path = System/Library/Frameworks/CoreAudio.framework; sourceTree = SDKROOT; };
		CB8431511319C8BD007A0AEE /* CoreAudioKit.framework */ = {isa = PBXFileReference; lastKnownFileType = wrapper.framework; name = CoreAudioKit.framework; path = System/Library/Frameworks/CoreAudioKit.framework; sourceTree = SDKROOT; };
		CB8431741319C94E007A0AEE /* libportaudio.a */ = {isa = PBXFileReference; lastKnownFileType = archive.ar; name = libportaudio.a; path = ../libportaudio.a; sourceTree = SOURCE_ROOT; };
		CB8434A01319C994007A0AEE /* CoreFoundation.framework */ = {isa = PBXFileReference; lastKnownFileType = wrapper.framework; name = CoreFoundation.framework; path = System/Library/Frameworks/CoreFoundation.framework; sourceTree = SDKROOT; };
		CB8434A11319C994007A0AEE /* CoreMIDI.framework */ = {isa = PBXFileReference; lastKnownFileType = wrapper.framework; name = CoreMIDI.framework; path = System/Library/Frameworks/CoreMIDI.framework; sourceTree = SDKROOT; };
		CB96939F1319A13500B457D4 /* Audio.cpp */ = {isa = PBXFileReference; fileEncoding = 4; lastKnownFileType = sourcecode.cpp.cpp; path = Audio.cpp; sourceTree = "<group>"; };
		CB9693A01319A13500B457D4 /* Audio.h */ = {isa = PBXFileReference; fileEncoding = 4; lastKnownFileType = sourcecode.c.h; path = Audio.h; sourceTree = "<group>"; };
		CB9693A11319A13500B457D4 /* AudioDefines.h */ = {isa = PBXFileReference; fileEncoding = 4; lastKnownFileType = sourcecode.c.h; path = AudioDefines.h; sourceTree = "<group>"; };
		CB9693A21319A13500B457D4 /* WavFile.cpp */ = {isa = PBXFileReference; fileEncoding = 4; lastKnownFileType = sourcecode.cpp.cpp; path = WavFile.cpp; sourceTree = "<group>"; };
		CB9693A31319A13500B457D4 /* WavFile.h */ = {isa = PBXFileReference; fileEncoding = 4; lastKnownFileType = sourcecode.c.h; path = WavFile.h; sourceTree = "<group>"; };
/* End PBXFileReference section */

/* Begin PBXFrameworksBuildPhase section */
		8DD76F660486A84900D96B5E /* Frameworks */ = {
			isa = PBXFrameworksBuildPhase;
			buildActionMask = 2147483647;
			files = (
				CB79F82A1311D6B0000570F4 /* GLUT.framework in Frameworks */,
				CB79F82E1311D6C7000570F4 /* OpenGL.framework in Frameworks */,
				CB8431521319C8BD007A0AEE /* AudioToolbox.framework in Frameworks */,
				CB8431531319C8BD007A0AEE /* AudioUnit.framework in Frameworks */,
				CB8431541319C8BD007A0AEE /* CoreAudio.framework in Frameworks */,
				CB8431551319C8BD007A0AEE /* CoreAudioKit.framework in Frameworks */,
				CB8431751319C94E007A0AEE /* libportaudio.a in Frameworks */,
				CB8434A21319C994007A0AEE /* CoreFoundation.framework in Frameworks */,
				CB8434A31319C994007A0AEE /* CoreMIDI.framework in Frameworks */,
			);
			runOnlyForDeploymentPostprocessing = 0;
		};
/* End PBXFrameworksBuildPhase section */

/* Begin PBXGroup section */
		08FB7794FE84155DC02AAC07 /* FFTVisual */ = {
			isa = PBXGroup;
			children = (
				CB84350A1319D642007A0AEE /* Libs */,
				08FB7795FE84155DC02AAC07 /* Source */,
				C6859E8C029090F304C91782 /* Documentation */,
				1AB674ADFE9D54B511CA2CBB /* Products */,
			);
			name = FFTVisual;
			sourceTree = "<group>";
		};
		08FB7795FE84155DC02AAC07 /* Source */ = {
			isa = PBXGroup;
			children = (
				CB96939E1319A13500B457D4 /* Audio */,
				CB79F8271311D69C000570F4 /* fft_visual.cpp */,
			);
			name = Source;
			sourceTree = "<group>";
		};
		1AB674ADFE9D54B511CA2CBB /* Products */ = {
			isa = PBXGroup;
			children = (
				8DD76F6C0486A84900D96B5E /* FFTVisual */,
			);
			name = Products;
			sourceTree = "<group>";
		};
		C6859E8C029090F304C91782 /* Documentation */ = {
			isa = PBXGroup;
			children = (
				C6859E8B029090EE04C91782 /* FFTVisual.1 */,
			);
			name = Documentation;
			sourceTree = "<group>";
		};
		CB84350A1319D642007A0AEE /* Libs */ = {
			isa = PBXGroup;
			children = (
				CB79F82D1311D6C7000570F4 /* OpenGL.framework */,
				CB79F8291311D6B0000570F4 /* GLUT.framework */,
				CB8431741319C94E007A0AEE /* libportaudio.a */,
				CB8434A01319C994007A0AEE /* CoreFoundation.framework */,
				CB8434A11319C994007A0AEE /* CoreMIDI.framework */,
				CB84314E1319C8BC007A0AEE /* AudioToolbox.framework */,
				CB84314F1319C8BD007A0AEE /* AudioUnit.framework */,
				CB8431501319C8BD007A0AEE /* CoreAudio.framework */,
				CB8431511319C8BD007A0AEE /* CoreAudioKit.framework */,
			);
			name = Libs;
			sourceTree = "<group>";
		};
		CB96939E1319A13500B457D4 /* Audio */ = {
			isa = PBXGroup;
			children = (
				CB96939F1319A13500B457D4 /* Audio.cpp */,
				CB9693A01319A13500B457D4 /* Audio.h */,
				CB9693A11319A13500B457D4 /* AudioDefines.h */,
				CB9693A21319A13500B457D4 /* WavFile.cpp */,
				CB9693A31319A13500B457D4 /* WavFile.h */,
			);
			name = Audio;
			path = ../Audio;
			sourceTree = SOURCE_ROOT;
		};
/* End PBXGroup section */

/* Begin PBXNativeTarget section */
		8DD76F620486A84900D96B5E /* FFTVisual */ = {
			isa = PBXNativeTarget;
			buildConfigurationList = 1DEB923108733DC60010E9CD /* Build configuration list for PBXNativeTarget "FFTVisual" */;
			buildPhases = (
				8DD76F640486A84900D96B5E /* Sources */,
				8DD76F660486A84900D96B5E /* Frameworks */,
				8DD76F690486A84900D96B5E /* CopyFiles */,
			);
			buildRules = (
			);
			dependencies = (
			);
			name = FFTVisual;
			productInstallPath = "$(HOME)/bin";
			productName = FFTVisual;
			productReference = 8DD76F6C0486A84900D96B5E /* FFTVisual */;
			productType = "com.apple.product-type.tool";
		};
/* End PBXNativeTarget section */

/* Begin PBXProject section */
		08FB7793FE84155DC02AAC07 /* Project object */ = {
			isa = PBXProject;
			buildConfigurationList = 1DEB923508733DC60010E9CD /* Build configuration list for PBXProject "FFTVisual" */;
			compatibilityVersion = "Xcode 3.1";
			hasScannedForEncodings = 1;
			mainGroup = 08FB7794FE84155DC02AAC07 /* FFTVisual */;
			projectDirPath = "";
			projectRoot = "";
			targets = (
				8DD76F620486A84900D96B5E /* FFTVisual */,
			);
		};
/* End PBXProject section */

/* Begin PBXSourcesBuildPhase section */
		8DD76F640486A84900D96B5E /* Sources */ = {
			isa = PBXSourcesBuildPhase;
			buildActionMask = 2147483647;
			files = (
				CB79F8281311D69C000570F4 /* fft_visual.cpp in Sources */,
				CB9693A41319A13500B457D4 /* Audio.cpp in Sources */,
				CB9693A51319A13500B457D4 /* WavFile.cpp in Sources */,
			);
			runOnlyForDeploymentPostprocessing = 0;
		};
/* End PBXSourcesBuildPhase section */

/* Begin XCBuildConfiguration section */
		1DEB923208733DC60010E9CD /* Debug */ = {
			isa = XCBuildConfiguration;
			buildSettings = {
				ALWAYS_SEARCH_USER_PATHS = NO;
				COPY_PHASE_STRIP = NO;
				GCC_DYNAMIC_NO_PIC = NO;
				GCC_ENABLE_FIX_AND_CONTINUE = YES;
				GCC_MODEL_TUNING = G5;
				GCC_OPTIMIZATION_LEVEL = 0;
				GCC_PREPROCESSOR_DEFINITIONS = (
					"_GLIBCXX_DEBUG=1",
					"_GLIBCXX_DEBUG_PEDANTIC=1",
				);
				INSTALL_PATH = /usr/local/bin;
				LIBRARY_SEARCH_PATHS = (
					"$(inherited)",
					"\"$(SRCROOT)/../../PbrSynth/Lib/build/Debug\"",
					"\"$(SRCROOT)/../../portaudio/lib\"",
					"\"$(SRCROOT)/../../portaudio/portaudio/build/Debug\"",
					"\"$(SRCROOT)/..\"",
				);
				PRODUCT_NAME = FFTVisual;
			};
			name = Debug;
		};
		1DEB923308733DC60010E9CD /* Release */ = {
			isa = XCBuildConfiguration;
			buildSettings = {
				ALWAYS_SEARCH_USER_PATHS = NO;
				DEBUG_INFORMATION_FORMAT = "dwarf-with-dsym";
				GCC_MODEL_TUNING = G5;
				INSTALL_PATH = /usr/local/bin;
				LIBRARY_SEARCH_PATHS = (
					"$(inherited)",
					"\"$(SRCROOT)/../../PbrSynth/Lib/build/Debug\"",
					"\"$(SRCROOT)/../../portaudio/lib\"",
					"\"$(SRCROOT)/../../portaudio/portaudio/build/Debug\"",
					"\"$(SRCROOT)/..\"",
				);
				PRODUCT_NAME = FFTVisual;
			};
			name = Release;
		};
		1DEB923608733DC60010E9CD /* Debug */ = {
			isa = XCBuildConfiguration;
			buildSettings = {
				ARCHS = "$(ARCHS_STANDARD_32_BIT)";
				GCC_C_LANGUAGE_STANDARD = c99;
				GCC_OPTIMIZATION_LEVEL = 0;
				GCC_WARN_ABOUT_RETURN_TYPE = YES;
				GCC_WARN_UNUSED_VARIABLE = YES;
				ONLY_ACTIVE_ARCH = YES;
				PREBINDING = NO;
				SDKROOT = macosx10.5;
			};
			name = Debug;
		};
		1DEB923708733DC60010E9CD /* Release */ = {
			isa = XCBuildConfiguration;
			buildSettings = {
				ARCHS = "$(ARCHS_STANDARD_32_BIT)";
				GCC_C_LANGUAGE_STANDARD = c99;
				GCC_WARN_ABOUT_RETURN_TYPE = YES;
				GCC_WARN_UNUSED_VARIABLE = YES;
				HEADER_SEARCH_PATHS = "~/Code/portaudio/include";
				PREBINDING = NO;
				SDKROOT = macosx10.5;
			};
			name = Release;
		};
/* End XCBuildConfiguration section */

/* Begin XCConfigurationList section */
		1DEB923108733DC60010E9CD /* Build configuration list for PBXNativeTarget "FFTVisual" */ = {
			isa = XCConfigurationList;
			buildConfigurations = (
				1DEB923208733DC60010E9CD /* Debug */,
				1DEB923308733DC60010E9CD /* Release */,
			);
			defaultConfigurationIsVisible = 0;
			defaultConfigurationName = Release;
		};
		1DEB923508733DC60010E9CD /* Build configuration list for PBXProject "FFTVisual" */ = {
			isa = XCConfigurationList;
			buildConfigurations = (
				1DEB923608733DC60010E9CD /* Debug */,
				1DEB923708733DC60010E9CD /* Release */,
			);
			defaultConfigurationIsVisible = 0;
			defaultConfigurationName = Release;
		};
/* End XCConfigurationList section */
	};
	rootObject = 08FB7793FE84155DC02AAC07 /* Project object */;
}
